
Microsoft Visual Studio Solution File, Format Version 12.00
# Visual Studio Version 17
VisualStudioVersion = 17.8.34511.84
MinimumVisualStudioVersion = 10.0.40219.1
Project("{FAE04EC0-301F-11D3-BF4B-00C04F79EFBC}") = "WebAPIsFuen", "WebAPIsFuen.csproj", "{C7426F6A-1961-4F95-AB92-218B121C8C7F}"
EndProject
Global
	GlobalSection(SolutionConfigurationPlatforms) = preSolution
		Debug|Any CPU = Debug|Any CPU
		Release|Any CPU = Release|Any CPU
	EndGlobalSection
	GlobalSection(ProjectConfigurationPlatforms) = postSolution
		{C7426F6A-1961-4F95-AB92-218B121C8C7F}.Debug|Any CPU.ActiveCfg = Debug|Any CPU
		{C7426F6A-1961-4F95-AB92-218B121C8C7F}.Debug|Any CPU.Build.0 = Debug|Any CPU
		{C7426F6A-1961-4F95-AB92-218B121C8C7F}.Release|Any CPU.ActiveCfg = Release|Any CPU
		{C7426F6A-1961-4F95-AB92-218B121C8C7F}.Release|Any CPU.Build.0 = Release|Any CPU
	EndGlobalSection
	GlobalSection(SolutionProperties) = preSolution
		HideSolutionNode = FALSE
	EndGlobalSection
	GlobalSection(ExtensibilityGlobals) = postSolution
		SolutionGuid = {589B2ACA-61C3-4657-B17B-1C58FFF9E933}
	EndGlobalSection
EndGlobal
